// !$*UTF8*$!
{
	archiveVersion = 1;
	classes = {
	};
	objectVersion = 56;
	objects = {

/* Begin PBXBuildFile section */
		444146A82BE37A8900CD0C71 /* AppDelegate.swift in Sources */ = {isa = PBXBuildFile; fileRef = 444146A72BE37A8900CD0C71 /* AppDelegate.swift */; };
		444146AA2BE37A8900CD0C71 /* SceneDelegate.swift in Sources */ = {isa = PBXBuildFile; fileRef = 444146A92BE37A8900CD0C71 /* SceneDelegate.swift */; };
		444146AF2BE37A8900CD0C71 /* Base in Resources */ = {isa = PBXBuildFile; fileRef = 444146AE2BE37A8900CD0C71 /* Base */; };
		444146B12BE37A8D00CD0C71 /* Assets.xcassets in Resources */ = {isa = PBXBuildFile; fileRef = 444146B02BE37A8D00CD0C71 /* Assets.xcassets */; };
		444146B42BE37A8D00CD0C71 /* Base in Resources */ = {isa = PBXBuildFile; fileRef = 444146B32BE37A8D00CD0C71 /* Base */; };
		444146BC2BE37CC900CD0C71 /* MyBooksViewController.swift in Sources */ = {isa = PBXBuildFile; fileRef = 444146BB2BE37CC900CD0C71 /* MyBooksViewController.swift */; };
		444146BE2BE37F6600CD0C71 /* BookViewController.swift in Sources */ = {isa = PBXBuildFile; fileRef = 444146BD2BE37F6600CD0C71 /* BookViewController.swift */; };
		444146C72BE4E34600CD0C71 /* BookCell.swift in Sources */ = {isa = PBXBuildFile; fileRef = 444146C52BE4E34600CD0C71 /* BookCell.swift */; };
		444146C82BE4E34600CD0C71 /* BookCell.xib in Resources */ = {isa = PBXBuildFile; fileRef = 444146C62BE4E34600CD0C71 /* BookCell.xib */; };
		444146D12BE4FDA200CD0C71 /* BookReviewCell.swift in Sources */ = {isa = PBXBuildFile; fileRef = 444146CF2BE4FDA200CD0C71 /* BookReviewCell.swift */; };
		444146D22BE4FDA200CD0C71 /* BookReviewCell.xib in Resources */ = {isa = PBXBuildFile; fileRef = 444146D02BE4FDA200CD0C71 /* BookReviewCell.xib */; };
		445DEBA82BF5156F000D596C /* HomeViewController.swift in Sources */ = {isa = PBXBuildFile; fileRef = 445DEBA72BF5156F000D596C /* HomeViewController.swift */; };
		445DEBAC2BF51CC3000D596C /* HomeGreetingCell.swift in Sources */ = {isa = PBXBuildFile; fileRef = 445DEBAA2BF51CC3000D596C /* HomeGreetingCell.swift */; };
		445DEBAD2BF51CC3000D596C /* HomeGreetingCell.xib in Resources */ = {isa = PBXBuildFile; fileRef = 445DEBAB2BF51CC3000D596C /* HomeGreetingCell.xib */; };
		445DEBB12BF52249000D596C /* HomeBooksCell.swift in Sources */ = {isa = PBXBuildFile; fileRef = 445DEBAF2BF52249000D596C /* HomeBooksCell.swift */; };
		445DEBB22BF52249000D596C /* HomeBooksCell.xib in Resources */ = {isa = PBXBuildFile; fileRef = 445DEBB02BF52249000D596C /* HomeBooksCell.xib */; };
		445DEBB52BF5266D000D596C /* BookData.swift in Sources */ = {isa = PBXBuildFile; fileRef = 445DEBB42BF5266D000D596C /* BookData.swift */; };
		445DEBB92BF53C74000D596C /* ShowBookCell.swift in Sources */ = {isa = PBXBuildFile; fileRef = 445DEBB72BF53C74000D596C /* ShowBookCell.swift */; };
		445DEBBA2BF53C74000D596C /* ShowBookCell.xib in Resources */ = {isa = PBXBuildFile; fileRef = 445DEBB82BF53C74000D596C /* ShowBookCell.xib */; };
		445DEBBE2BF688FA000D596C /* BookHeaderCell.swift in Sources */ = {isa = PBXBuildFile; fileRef = 445DEBBC2BF688FA000D596C /* BookHeaderCell.swift */; };
		445DEBBF2BF688FA000D596C /* BookHeaderCell.xib in Resources */ = {isa = PBXBuildFile; fileRef = 445DEBBD2BF688FA000D596C /* BookHeaderCell.xib */; };
		445F48CB2C13900400E81277 /* MyBooksViewModel.swift in Sources */ = {isa = PBXBuildFile; fileRef = 445F48CA2C13900400E81277 /* MyBooksViewModel.swift */; };
		445F48CD2C14BB3000E81277 /* BookDataDTO.swift in Sources */ = {isa = PBXBuildFile; fileRef = 445F48CC2C14BB3000E81277 /* BookDataDTO.swift */; };
		4482B0F72BFA52DF00FF84DE /* UIColor+Hex.swift in Sources */ = {isa = PBXBuildFile; fileRef = 4482B0F62BFA52DF00FF84DE /* UIColor+Hex.swift */; };
		44B6AAE52C079A9700C10CFE /* BookDataRepository.swift in Sources */ = {isa = PBXBuildFile; fileRef = 44B6AAE42C079A9700C10CFE /* BookDataRepository.swift */; };
		44FEBB6B2C1C513B00562409 /* CreditFormatter.swift in Sources */ = {isa = PBXBuildFile; fileRef = 44FEBB6A2C1C513B00562409 /* CreditFormatter.swift */; };
/* End PBXBuildFile section */

/* Begin PBXFileReference section */
		444146A42BE37A8900CD0C71 /* Audible.app */ = {isa = PBXFileReference; explicitFileType = wrapper.application; includeInIndex = 0; path = Audible.app; sourceTree = BUILT_PRODUCTS_DIR; };
		444146A72BE37A8900CD0C71 /* AppDelegate.swift */ = {isa = PBXFileReference; lastKnownFileType = sourcecode.swift; path = AppDelegate.swift; sourceTree = "<group>"; };
		444146A92BE37A8900CD0C71 /* SceneDelegate.swift */ = {isa = PBXFileReference; lastKnownFileType = sourcecode.swift; path = SceneDelegate.swift; sourceTree = "<group>"; };
		444146AE2BE37A8900CD0C71 /* Base */ = {isa = PBXFileReference; lastKnownFileType = file.storyboard; name = Base; path = Base.lproj/Main.storyboard; sourceTree = "<group>"; };
		444146B02BE37A8D00CD0C71 /* Assets.xcassets */ = {isa = PBXFileReference; lastKnownFileType = folder.assetcatalog; path = Assets.xcassets; sourceTree = "<group>"; };
		444146B32BE37A8D00CD0C71 /* Base */ = {isa = PBXFileReference; lastKnownFileType = file.storyboard; name = Base; path = Base.lproj/LaunchScreen.storyboard; sourceTree = "<group>"; };
		444146B52BE37A8D00CD0C71 /* Info.plist */ = {isa = PBXFileReference; lastKnownFileType = text.plist.xml; path = Info.plist; sourceTree = "<group>"; };
		444146BB2BE37CC900CD0C71 /* MyBooksViewController.swift */ = {isa = PBXFileReference; lastKnownFileType = sourcecode.swift; path = MyBooksViewController.swift; sourceTree = "<group>"; };
		444146BD2BE37F6600CD0C71 /* BookViewController.swift */ = {isa = PBXFileReference; lastKnownFileType = sourcecode.swift; path = BookViewController.swift; sourceTree = "<group>"; };
		444146C52BE4E34600CD0C71 /* BookCell.swift */ = {isa = PBXFileReference; lastKnownFileType = sourcecode.swift; path = BookCell.swift; sourceTree = "<group>"; };
		444146C62BE4E34600CD0C71 /* BookCell.xib */ = {isa = PBXFileReference; lastKnownFileType = file.xib; path = BookCell.xib; sourceTree = "<group>"; };
		444146CF2BE4FDA200CD0C71 /* BookReviewCell.swift */ = {isa = PBXFileReference; lastKnownFileType = sourcecode.swift; path = BookReviewCell.swift; sourceTree = "<group>"; };
		444146D02BE4FDA200CD0C71 /* BookReviewCell.xib */ = {isa = PBXFileReference; lastKnownFileType = file.xib; path = BookReviewCell.xib; sourceTree = "<group>"; };
		445DEBA72BF5156F000D596C /* HomeViewController.swift */ = {isa = PBXFileReference; lastKnownFileType = sourcecode.swift; path = HomeViewController.swift; sourceTree = "<group>"; };
		445DEBAA2BF51CC3000D596C /* HomeGreetingCell.swift */ = {isa = PBXFileReference; lastKnownFileType = sourcecode.swift; path = HomeGreetingCell.swift; sourceTree = "<group>"; };
		445DEBAB2BF51CC3000D596C /* HomeGreetingCell.xib */ = {isa = PBXFileReference; lastKnownFileType = file.xib; path = HomeGreetingCell.xib; sourceTree = "<group>"; };
		445DEBAF2BF52249000D596C /* HomeBooksCell.swift */ = {isa = PBXFileReference; lastKnownFileType = sourcecode.swift; path = HomeBooksCell.swift; sourceTree = "<group>"; };
		445DEBB02BF52249000D596C /* HomeBooksCell.xib */ = {isa = PBXFileReference; lastKnownFileType = file.xib; path = HomeBooksCell.xib; sourceTree = "<group>"; };
		445DEBB42BF5266D000D596C /* BookData.swift */ = {isa = PBXFileReference; lastKnownFileType = sourcecode.swift; path = BookData.swift; sourceTree = "<group>"; };
		445DEBB72BF53C74000D596C /* ShowBookCell.swift */ = {isa = PBXFileReference; lastKnownFileType = sourcecode.swift; path = ShowBookCell.swift; sourceTree = "<group>"; };
		445DEBB82BF53C74000D596C /* ShowBookCell.xib */ = {isa = PBXFileReference; lastKnownFileType = file.xib; path = ShowBookCell.xib; sourceTree = "<group>"; };
		445DEBBC2BF688FA000D596C /* BookHeaderCell.swift */ = {isa = PBXFileReference; lastKnownFileType = sourcecode.swift; path = BookHeaderCell.swift; sourceTree = "<group>"; };
		445DEBBD2BF688FA000D596C /* BookHeaderCell.xib */ = {isa = PBXFileReference; lastKnownFileType = file.xib; path = BookHeaderCell.xib; sourceTree = "<group>"; };
		445F48CA2C13900400E81277 /* MyBooksViewModel.swift */ = {isa = PBXFileReference; lastKnownFileType = sourcecode.swift; path = MyBooksViewModel.swift; sourceTree = "<group>"; };
		445F48CC2C14BB3000E81277 /* BookDataDTO.swift */ = {isa = PBXFileReference; lastKnownFileType = sourcecode.swift; path = BookDataDTO.swift; sourceTree = "<group>"; };
		4482B0F62BFA52DF00FF84DE /* UIColor+Hex.swift */ = {isa = PBXFileReference; lastKnownFileType = sourcecode.swift; path = "UIColor+Hex.swift"; sourceTree = "<group>"; };
		44B6AAE42C079A9700C10CFE /* BookDataRepository.swift */ = {isa = PBXFileReference; lastKnownFileType = sourcecode.swift; path = BookDataRepository.swift; sourceTree = "<group>"; };
		44FEBB6A2C1C513B00562409 /* CreditFormatter.swift */ = {isa = PBXFileReference; lastKnownFileType = sourcecode.swift; path = CreditFormatter.swift; sourceTree = "<group>"; };
/* End PBXFileReference section */

/* Begin PBXFrameworksBuildPhase section */
		444146A12BE37A8900CD0C71 /* Frameworks */ = {
			isa = PBXFrameworksBuildPhase;
			buildActionMask = 2147483647;
			files = (
			);
			runOnlyForDeploymentPostprocessing = 0;
		};
/* End PBXFrameworksBuildPhase section */

/* Begin PBXGroup section */
		4441469B2BE37A8900CD0C71 = {
			isa = PBXGroup;
			children = (
				444146A62BE37A8900CD0C71 /* Audible */,
				444146A52BE37A8900CD0C71 /* Products */,
			);
			sourceTree = "<group>";
		};
		444146A52BE37A8900CD0C71 /* Products */ = {
			isa = PBXGroup;
			children = (
				444146A42BE37A8900CD0C71 /* Audible.app */,
			);
			name = Products;
			sourceTree = "<group>";
		};
		444146A62BE37A8900CD0C71 /* Audible */ = {
			isa = PBXGroup;
			children = (
				44B6AAE32C079A5200C10CFE /* Networking */,
				4482B0F52BFA52C500FF84DE /* Util */,
				445DEBB32BF52643000D596C /* Model */,
				445DEBA62BF5154C000D596C /* HomeViewController */,
				445DEBA52BF514FD000D596C /* BookViewController */,
				445DEBA42BF5129D000D596C /* MyBooks */,
				444146A72BE37A8900CD0C71 /* AppDelegate.swift */,
				444146A92BE37A8900CD0C71 /* SceneDelegate.swift */,
				444146AD2BE37A8900CD0C71 /* Main.storyboard */,
				444146B02BE37A8D00CD0C71 /* Assets.xcassets */,
				444146B22BE37A8D00CD0C71 /* LaunchScreen.storyboard */,
				444146B52BE37A8D00CD0C71 /* Info.plist */,
			);
			path = Audible;
			sourceTree = "<group>";
		};
		444146C42BE4E30300CD0C71 /* BookCell */ = {
			isa = PBXGroup;
			children = (
				444146C52BE4E34600CD0C71 /* BookCell.swift */,
				444146C62BE4E34600CD0C71 /* BookCell.xib */,
			);
			path = BookCell;
			sourceTree = "<group>";
		};
		444146CE2BE4FD8200CD0C71 /* BookReviewCell */ = {
			isa = PBXGroup;
			children = (
				444146CF2BE4FDA200CD0C71 /* BookReviewCell.swift */,
				444146D02BE4FDA200CD0C71 /* BookReviewCell.xib */,
			);
			path = BookReviewCell;
			sourceTree = "<group>";
		};
		445DEBA42BF5129D000D596C /* MyBooks */ = {
			isa = PBXGroup;
			children = (
				444146C42BE4E30300CD0C71 /* BookCell */,
				444146BB2BE37CC900CD0C71 /* MyBooksViewController.swift */,
				445F48CA2C13900400E81277 /* MyBooksViewModel.swift */,
			);
			path = MyBooks;
			sourceTree = "<group>";
		};
		445DEBA52BF514FD000D596C /* BookViewController */ = {
			isa = PBXGroup;
			children = (
				445DEBBB2BF6889E000D596C /* BookHeaderCell */,
				444146CE2BE4FD8200CD0C71 /* BookReviewCell */,
				444146BD2BE37F6600CD0C71 /* BookViewController.swift */,
			);
			path = BookViewController;
			sourceTree = "<group>";
		};
		445DEBA62BF5154C000D596C /* HomeViewController */ = {
			isa = PBXGroup;
			children = (
				445DEBAE2BF521BC000D596C /* HomeBooksCell */,
				445DEBA92BF51BBD000D596C /* HomeGreetingCell */,
				445DEBA72BF5156F000D596C /* HomeViewController.swift */,
			);
			path = HomeViewController;
			sourceTree = "<group>";
		};
		445DEBA92BF51BBD000D596C /* HomeGreetingCell */ = {
			isa = PBXGroup;
			children = (
				445DEBAA2BF51CC3000D596C /* HomeGreetingCell.swift */,
				445DEBAB2BF51CC3000D596C /* HomeGreetingCell.xib */,
			);
			path = HomeGreetingCell;
			sourceTree = "<group>";
		};
		445DEBAE2BF521BC000D596C /* HomeBooksCell */ = {
			isa = PBXGroup;
			children = (
				445DEBB62BF53C20000D596C /* ShowBookCell */,
				445DEBAF2BF52249000D596C /* HomeBooksCell.swift */,
				445DEBB02BF52249000D596C /* HomeBooksCell.xib */,
			);
			path = HomeBooksCell;
			sourceTree = "<group>";
		};
		445DEBB32BF52643000D596C /* Model */ = {
			isa = PBXGroup;
			children = (
				445DEBB42BF5266D000D596C /* BookData.swift */,
				445F48CC2C14BB3000E81277 /* BookDataDTO.swift */,
			);
			path = Model;
			sourceTree = "<group>";
		};
		445DEBB62BF53C20000D596C /* ShowBookCell */ = {
			isa = PBXGroup;
			children = (
				445DEBB72BF53C74000D596C /* ShowBookCell.swift */,
				445DEBB82BF53C74000D596C /* ShowBookCell.xib */,
			);
			path = ShowBookCell;
			sourceTree = "<group>";
		};
		445DEBBB2BF6889E000D596C /* BookHeaderCell */ = {
			isa = PBXGroup;
			children = (
				445DEBBC2BF688FA000D596C /* BookHeaderCell.swift */,
				445DEBBD2BF688FA000D596C /* BookHeaderCell.xib */,
			);
			path = BookHeaderCell;
			sourceTree = "<group>";
		};
		4482B0F52BFA52C500FF84DE /* Util */ = {
			isa = PBXGroup;
			children = (
				4482B0F62BFA52DF00FF84DE /* UIColor+Hex.swift */,
				44FEBB6A2C1C513B00562409 /* CreditFormatter.swift */,
			);
			path = Util;
			sourceTree = "<group>";
		};
		44B6AAE32C079A5200C10CFE /* Networking */ = {
			isa = PBXGroup;
			children = (
				44B6AAE42C079A9700C10CFE /* BookDataRepository.swift */,
			);
			path = Networking;
			sourceTree = "<group>";
		};
/* End PBXGroup section */

/* Begin PBXNativeTarget section */
		444146A32BE37A8900CD0C71 /* Audible */ = {
			isa = PBXNativeTarget;
			buildConfigurationList = 444146B82BE37A8D00CD0C71 /* Build configuration list for PBXNativeTarget "Audible" */;
			buildPhases = (
				444146A02BE37A8900CD0C71 /* Sources */,
				444146A12BE37A8900CD0C71 /* Frameworks */,
				444146A22BE37A8900CD0C71 /* Resources */,
			);
			buildRules = (
			);
			dependencies = (
			);
			name = Audible;
			productName = Audible;
			productReference = 444146A42BE37A8900CD0C71 /* Audible.app */;
			productType = "com.apple.product-type.application";
		};
/* End PBXNativeTarget section */

/* Begin PBXProject section */
		4441469C2BE37A8900CD0C71 /* Project object */ = {
			isa = PBXProject;
			attributes = {
				BuildIndependentTargetsInParallel = 1;
				LastSwiftUpdateCheck = 1530;
				LastUpgradeCheck = 1530;
				TargetAttributes = {
					444146A32BE37A8900CD0C71 = {
						CreatedOnToolsVersion = 15.3;
					};
				};
			};
			buildConfigurationList = 4441469F2BE37A8900CD0C71 /* Build configuration list for PBXProject "Audible" */;
			compatibilityVersion = "Xcode 14.0";
			developmentRegion = en;
			hasScannedForEncodings = 0;
			knownRegions = (
				en,
				Base,
			);
			mainGroup = 4441469B2BE37A8900CD0C71;
			productRefGroup = 444146A52BE37A8900CD0C71 /* Products */;
			projectDirPath = "";
			projectRoot = "";
			targets = (
				444146A32BE37A8900CD0C71 /* Audible */,
			);
		};
/* End PBXProject section */

/* Begin PBXResourcesBuildPhase section */
		444146A22BE37A8900CD0C71 /* Resources */ = {
			isa = PBXResourcesBuildPhase;
			buildActionMask = 2147483647;
			files = (
				444146D22BE4FDA200CD0C71 /* BookReviewCell.xib in Resources */,
				445DEBBF2BF688FA000D596C /* BookHeaderCell.xib in Resources */,
				445DEBAD2BF51CC3000D596C /* HomeGreetingCell.xib in Resources */,
				444146C82BE4E34600CD0C71 /* BookCell.xib in Resources */,
				444146B12BE37A8D00CD0C71 /* Assets.xcassets in Resources */,
				445DEBB22BF52249000D596C /* HomeBooksCell.xib in Resources */,
				445DEBBA2BF53C74000D596C /* ShowBookCell.xib in Resources */,
				444146B42BE37A8D00CD0C71 /* Base in Resources */,
				444146AF2BE37A8900CD0C71 /* Base in Resources */,
			);
			runOnlyForDeploymentPostprocessing = 0;
		};
/* End PBXResourcesBuildPhase section */

/* Begin PBXSourcesBuildPhase section */
		444146A02BE37A8900CD0C71 /* Sources */ = {
			isa = PBXSourcesBuildPhase;
			buildActionMask = 2147483647;
			files = (
				445DEBB52BF5266D000D596C /* BookData.swift in Sources */,
				445DEBB92BF53C74000D596C /* ShowBookCell.swift in Sources */,
				444146A82BE37A8900CD0C71 /* AppDelegate.swift in Sources */,
				44FEBB6B2C1C513B00562409 /* CreditFormatter.swift in Sources */,
				444146BE2BE37F6600CD0C71 /* BookViewController.swift in Sources */,
				444146D12BE4FDA200CD0C71 /* BookReviewCell.swift in Sources */,
				444146C72BE4E34600CD0C71 /* BookCell.swift in Sources */,
				44B6AAE52C079A9700C10CFE /* BookDataRepository.swift in Sources */,
				444146AA2BE37A8900CD0C71 /* SceneDelegate.swift in Sources */,
				445F48CD2C14BB3000E81277 /* BookDataDTO.swift in Sources */,
				445DEBA82BF5156F000D596C /* HomeViewController.swift in Sources */,
				445F48CB2C13900400E81277 /* MyBooksViewModel.swift in Sources */,
				444146BC2BE37CC900CD0C71 /* MyBooksViewController.swift in Sources */,
				4482B0F72BFA52DF00FF84DE /* UIColor+Hex.swift in Sources */,
				445DEBAC2BF51CC3000D596C /* HomeGreetingCell.swift in Sources */,
				445DEBB12BF52249000D596C /* HomeBooksCell.swift in Sources */,
				445DEBBE2BF688FA000D596C /* BookHeaderCell.swift in Sources */,
			);
			runOnlyForDeploymentPostprocessing = 0;
		};
/* End PBXSourcesBuildPhase section */

/* Begin PBXVariantGroup section */
		444146AD2BE37A8900CD0C71 /* Main.storyboard */ = {
			isa = PBXVariantGroup;
			children = (
				444146AE2BE37A8900CD0C71 /* Base */,
			);
			name = Main.storyboard;
			sourceTree = "<group>";
		};
		444146B22BE37A8D00CD0C71 /* LaunchScreen.storyboard */ = {
			isa = PBXVariantGroup;
			children = (
				444146B32BE37A8D00CD0C71 /* Base */,
			);
			name = LaunchScreen.storyboard;
			sourceTree = "<group>";
		};
/* End PBXVariantGroup section */

/* Begin XCBuildConfiguration section */
		444146B62BE37A8D00CD0C71 /* Debug */ = {
			isa = XCBuildConfiguration;
			buildSettings = {
				ALWAYS_SEARCH_USER_PATHS = NO;
				ASSETCATALOG_COMPILER_GENERATE_SWIFT_ASSET_SYMBOL_EXTENSIONS = YES;
				CLANG_ANALYZER_NONNULL = YES;
				CLANG_ANALYZER_NUMBER_OBJECT_CONVERSION = YES_AGGRESSIVE;
				CLANG_CXX_LANGUAGE_STANDARD = "gnu++20";
				CLANG_ENABLE_MODULES = YES;
				CLANG_ENABLE_OBJC_ARC = YES;
				CLANG_ENABLE_OBJC_WEAK = YES;
				CLANG_WARN_BLOCK_CAPTURE_AUTORELEASING = YES;
				CLANG_WARN_BOOL_CONVERSION = YES;
				CLANG_WARN_COMMA = YES;
				CLANG_WARN_CONSTANT_CONVERSION = YES;
				CLANG_WARN_DEPRECATED_OBJC_IMPLEMENTATIONS = YES;
				CLANG_WARN_DIRECT_OBJC_ISA_USAGE = YES_ERROR;
				CLANG_WARN_DOCUMENTATION_COMMENTS = YES;
				CLANG_WARN_EMPTY_BODY = YES;
				CLANG_WARN_ENUM_CONVERSION = YES;
				CLANG_WARN_INFINITE_RECURSION = YES;
				CLANG_WARN_INT_CONVERSION = YES;
				CLANG_WARN_NON_LITERAL_NULL_CONVERSION = YES;
				CLANG_WARN_OBJC_IMPLICIT_RETAIN_SELF = YES;
				CLANG_WARN_OBJC_LITERAL_CONVERSION = YES;
				CLANG_WARN_OBJC_ROOT_CLASS = YES_ERROR;
				CLANG_WARN_QUOTED_INCLUDE_IN_FRAMEWORK_HEADER = YES;
				CLANG_WARN_RANGE_LOOP_ANALYSIS = YES;
				CLANG_WARN_STRICT_PROTOTYPES = YES;
				CLANG_WARN_SUSPICIOUS_MOVE = YES;
				CLANG_WARN_UNGUARDED_AVAILABILITY = YES_AGGRESSIVE;
				CLANG_WARN_UNREACHABLE_CODE = YES;
				CLANG_WARN__DUPLICATE_METHOD_MATCH = YES;
				COPY_PHASE_STRIP = NO;
				DEBUG_INFORMATION_FORMAT = dwarf;
				ENABLE_STRICT_OBJC_MSGSEND = YES;
				ENABLE_TESTABILITY = YES;
				ENABLE_USER_SCRIPT_SANDBOXING = YES;
				GCC_C_LANGUAGE_STANDARD = gnu17;
				GCC_DYNAMIC_NO_PIC = NO;
				GCC_NO_COMMON_BLOCKS = YES;
				GCC_OPTIMIZATION_LEVEL = 0;
				GCC_PREPROCESSOR_DEFINITIONS = (
					"DEBUG=1",
					"$(inherited)",
				);
				GCC_WARN_64_TO_32_BIT_CONVERSION = YES;
				GCC_WARN_ABOUT_RETURN_TYPE = YES_ERROR;
				GCC_WARN_UNDECLARED_SELECTOR = YES;
				GCC_WARN_UNINITIALIZED_AUTOS = YES_AGGRESSIVE;
				GCC_WARN_UNUSED_FUNCTION = YES;
				GCC_WARN_UNUSED_VARIABLE = YES;
				IPHONEOS_DEPLOYMENT_TARGET = 17.4;
				LOCALIZATION_PREFERS_STRING_CATALOGS = YES;
				MTL_ENABLE_DEBUG_INFO = INCLUDE_SOURCE;
				MTL_FAST_MATH = YES;
				ONLY_ACTIVE_ARCH = YES;
				SDKROOT = iphoneos;
				SWIFT_ACTIVE_COMPILATION_CONDITIONS = "DEBUG $(inherited)";
				SWIFT_OPTIMIZATION_LEVEL = "-Onone";
			};
			name = Debug;
		};
		444146B72BE37A8D00CD0C71 /* Release */ = {
			isa = XCBuildConfiguration;
			buildSettings = {
				ALWAYS_SEARCH_USER_PATHS = NO;
				ASSETCATALOG_COMPILER_GENERATE_SWIFT_ASSET_SYMBOL_EXTENSIONS = YES;
				CLANG_ANALYZER_NONNULL = YES;
				CLANG_ANALYZER_NUMBER_OBJECT_CONVERSION = YES_AGGRESSIVE;
				CLANG_CXX_LANGUAGE_STANDARD = "gnu++20";
				CLANG_ENABLE_MODULES = YES;
				CLANG_ENABLE_OBJC_ARC = YES;
				CLANG_ENABLE_OBJC_WEAK = YES;
				CLANG_WARN_BLOCK_CAPTURE_AUTORELEASING = YES;
				CLANG_WARN_BOOL_CONVERSION = YES;
				CLANG_WARN_COMMA = YES;
				CLANG_WARN_CONSTANT_CONVERSION = YES;
				CLANG_WARN_DEPRECATED_OBJC_IMPLEMENTATIONS = YES;
				CLANG_WARN_DIRECT_OBJC_ISA_USAGE = YES_ERROR;
				CLANG_WARN_DOCUMENTATION_COMMENTS = YES;
				CLANG_WARN_EMPTY_BODY = YES;
				CLANG_WARN_ENUM_CONVERSION = YES;
				CLANG_WARN_INFINITE_RECURSION = YES;
				CLANG_WARN_INT_CONVERSION = YES;
				CLANG_WARN_NON_LITERAL_NULL_CONVERSION = YES;
				CLANG_WARN_OBJC_IMPLICIT_RETAIN_SELF = YES;
				CLANG_WARN_OBJC_LITERAL_CONVERSION = YES;
				CLANG_WARN_OBJC_ROOT_CLASS = YES_ERROR;
				CLANG_WARN_QUOTED_INCLUDE_IN_FRAMEWORK_HEADER = YES;
				CLANG_WARN_RANGE_LOOP_ANALYSIS = YES;
				CLANG_WARN_STRICT_PROTOTYPES = YES;
				CLANG_WARN_SUSPICIOUS_MOVE = YES;
				CLANG_WARN_UNGUARDED_AVAILABILITY = YES_AGGRESSIVE;
				CLANG_WARN_UNREACHABLE_CODE = YES;
				CLANG_WARN__DUPLICATE_METHOD_MATCH = YES;
				COPY_PHASE_STRIP = NO;
				DEBUG_INFORMATION_FORMAT = "dwarf-with-dsym";
				ENABLE_NS_ASSERTIONS = NO;
				ENABLE_STRICT_OBJC_MSGSEND = YES;
				ENABLE_USER_SCRIPT_SANDBOXING = YES;
				GCC_C_LANGUAGE_STANDARD = gnu17;
				GCC_NO_COMMON_BLOCKS = YES;
				GCC_WARN_64_TO_32_BIT_CONVERSION = YES;
				GCC_WARN_ABOUT_RETURN_TYPE = YES_ERROR;
				GCC_WARN_UNDECLARED_SELECTOR = YES;
				GCC_WARN_UNINITIALIZED_AUTOS = YES_AGGRESSIVE;
				GCC_WARN_UNUSED_FUNCTION = YES;
				GCC_WARN_UNUSED_VARIABLE = YES;
				IPHONEOS_DEPLOYMENT_TARGET = 17.4;
				LOCALIZATION_PREFERS_STRING_CATALOGS = YES;
				MTL_ENABLE_DEBUG_INFO = NO;
				MTL_FAST_MATH = YES;
				SDKROOT = iphoneos;
				SWIFT_COMPILATION_MODE = wholemodule;
				VALIDATE_PRODUCT = YES;
			};
			name = Release;
		};
		444146B92BE37A8D00CD0C71 /* Debug */ = {
			isa = XCBuildConfiguration;
			buildSettings = {
				ASSETCATALOG_COMPILER_APPICON_NAME = AppIcon;
				ASSETCATALOG_COMPILER_GLOBAL_ACCENT_COLOR_NAME = AccentColor;
				CODE_SIGN_STYLE = Automatic;
				CURRENT_PROJECT_VERSION = 1;
				GENERATE_INFOPLIST_FILE = YES;
				INFOPLIST_FILE = Audible/Info.plist;
				INFOPLIST_KEY_UIApplicationSupportsIndirectInputEvents = YES;
				INFOPLIST_KEY_UILaunchStoryboardName = LaunchScreen;
				INFOPLIST_KEY_UIMainStoryboardFile = Main;
				INFOPLIST_KEY_UISupportedInterfaceOrientations_iPad = "UIInterfaceOrientationPortrait UIInterfaceOrientationPortraitUpsideDown UIInterfaceOrientationLandscapeLeft UIInterfaceOrientationLandscapeRight";
				INFOPLIST_KEY_UISupportedInterfaceOrientations_iPhone = "UIInterfaceOrientationPortrait UIInterfaceOrientationLandscapeLeft UIInterfaceOrientationLandscapeRight";
				IPHONEOS_DEPLOYMENT_TARGET = 17.5;
				LD_RUNPATH_SEARCH_PATHS = (
					"$(inherited)",
					"@executable_path/Frameworks",
				);
				MARKETING_VERSION = 1.0;
				PRODUCT_BUNDLE_IDENTIFIER = Eugene.Audible;
				PRODUCT_NAME = "$(TARGET_NAME)";
				SUPPORTED_PLATFORMS = "iphoneos iphonesimulator";
				SUPPORTS_MACCATALYST = NO;
				SUPPORTS_XR_DESIGNED_FOR_IPHONE_IPAD = NO;
				SWIFT_EMIT_LOC_STRINGS = YES;
				SWIFT_VERSION = 5.0;
				TARGETED_DEVICE_FAMILY = "1,2";
			};
			name = Debug;
		};
		444146BA2BE37A8D00CD0C71 /* Release */ = {
			isa = XCBuildConfiguration;
			buildSettings = {
				ASSETCATALOG_COMPILER_APPICON_NAME = AppIcon;
				ASSETCATALOG_COMPILER_GLOBAL_ACCENT_COLOR_NAME = AccentColor;
				CODE_SIGN_STYLE = Automatic;
				CURRENT_PROJECT_VERSION = 1;
				GENERATE_INFOPLIST_FILE = YES;
				INFOPLIST_FILE = Audible/Info.plist;
				INFOPLIST_KEY_UIApplicationSupportsIndirectInputEvents = YES;
				INFOPLIST_KEY_UILaunchStoryboardName = LaunchScreen;
				INFOPLIST_KEY_UIMainStoryboardFile = Main;
				INFOPLIST_KEY_UISupportedInterfaceOrientations_iPad = "UIInterfaceOrientationPortrait UIInterfaceOrientationPortraitUpsideDown UIInterfaceOrientationLandscapeLeft UIInterfaceOrientationLandscapeRight";
				INFOPLIST_KEY_UISupportedInterfaceOrientations_iPhone = "UIInterfaceOrientationPortrait UIInterfaceOrientationLandscapeLeft UIInterfaceOrientationLandscapeRight";
				IPHONEOS_DEPLOYMENT_TARGET = 17.5;
				LD_RUNPATH_SEARCH_PATHS = (
					"$(inherited)",
					"@executable_path/Frameworks",
				);
				MARKETING_VERSION = 1.0;
				PRODUCT_BUNDLE_IDENTIFIER = Eugene.Audible;
				PRODUCT_NAME = "$(TARGET_NAME)";
				SUPPORTED_PLATFORMS = "iphoneos iphonesimulator";
				SUPPORTS_MACCATALYST = NO;
				SUPPORTS_XR_DESIGNED_FOR_IPHONE_IPAD = NO;
				SWIFT_EMIT_LOC_STRINGS = YES;
				SWIFT_VERSION = 5.0;
				TARGETED_DEVICE_FAMILY = "1,2";
			};
			name = Release;
		};
/* End XCBuildConfiguration section */

/* Begin XCConfigurationList section */
		4441469F2BE37A8900CD0C71 /* Build configuration list for PBXProject "Audible" */ = {
			isa = XCConfigurationList;
			buildConfigurations = (
				444146B62BE37A8D00CD0C71 /* Debug */,
				444146B72BE37A8D00CD0C71 /* Release */,
			);
			defaultConfigurationIsVisible = 0;
			defaultConfigurationName = Release;
		};
		444146B82BE37A8D00CD0C71 /* Build configuration list for PBXNativeTarget "Audible" */ = {
			isa = XCConfigurationList;
			buildConfigurations = (
				444146B92BE37A8D00CD0C71 /* Debug */,
				444146BA2BE37A8D00CD0C71 /* Release */,
			);
			defaultConfigurationIsVisible = 0;
			defaultConfigurationName = Release;
		};
/* End XCConfigurationList section */
	};
	rootObject = 4441469C2BE37A8900CD0C71 /* Project object */;
}
